
Microsoft Visual Studio Solution File, Format Version 12.00
# Visual Studio Version 17
VisualStudioVersion = 17.5.33530.505
MinimumVisualStudioVersion = 10.0.40219.1
Project("{FAE04EC0-301F-11D3-BF4B-00C04F79EFBC}") = "WechatPCMsgBakTool", "WechatPCMsgBakTool.csproj", "{2F385240-6FD0-47C5-9B5E-CC8D9AA55B25}"
EndProject
Global
	GlobalSection(SolutionConfigurationPlatforms) = preSolution
		Debug|Any CPU = Debug|Any CPU
		Release|Any CPU = Release|Any CPU
	EndGlobalSection
	GlobalSection(ProjectConfigurationPlatforms) = postSolution
		{2F385240-6FD0-47C5-9B5E-CC8D9AA55B25}.Debug|Any CPU.ActiveCfg = Debug|Any CPU
		{2F385240-6FD0-47C5-9B5E-CC8D9AA55B25}.Debug|Any CPU.Build.0 = Debug|Any CPU
		{2F385240-6FD0-47C5-9B5E-CC8D9AA55B25}.Release|Any CPU.ActiveCfg = Release|Any CPU
		{2F385240-6FD0-47C5-9B5E-CC8D9AA55B25}.Release|Any CPU.Build.0 = Release|Any CPU
	EndGlobalSection
	GlobalSection(SolutionProperties) = preSolution
		HideSolutionNode = FALSE
	EndGlobalSection
	GlobalSection(ExtensibilityGlobals) = postSolution
		SolutionGuid = {687B0D0F-1496-444B-8117-C613700F7231}
	EndGlobalSection
EndGlobal
